
Microsoft Visual Studio Solution File, Format Version 12.00
# Visual Studio 15
VisualStudioVersion = 15.0.27004.2006
MinimumVisualStudioVersion = 10.0.40219.1
Project("{9A19103F-16F7-4668-BE54-9A1E7A4F7556}") = "AspNetCoreFileProcessing", "AspNetCoreFileProcessing\AspNetCoreFileProcessing.csproj", "{8A055F75-C085-4B74-A899-57CCDF3C7BE4}"
EndProject
Project("{9A19103F-16F7-4668-BE54-9A1E7A4F7556}") = "AspNetClient", "AspNetClient\AspNetClient.csproj", "{8CBDB1A0-A0A9-4CB2-AD81-5D605E42B2A1}"
EndProject
Project("{9A19103F-16F7-4668-BE54-9A1E7A4F7556}") = "Shared", "Shared\Shared.csproj", "{632DFA1F-6FE8-44B6-84A2-161AC449FE6E}"
EndProject
Global
	GlobalSection(SolutionConfigurationPlatforms) = preSolution
		Debug|Any CPU = Debug|Any CPU
		Release|Any CPU = Release|Any CPU
	EndGlobalSection
	GlobalSection(ProjectConfigurationPlatforms) = postSolution
		{8A055F75-C085-4B74-A899-57CCDF3C7BE4}.Debug|Any CPU.ActiveCfg = Debug|Any CPU
		{8A055F75-C085-4B74-A899-57CCDF3C7BE4}.Debug|Any CPU.Build.0 = Debug|Any CPU
		{8A055F75-C085-4B74-A899-57CCDF3C7BE4}.Release|Any CPU.ActiveCfg = Release|Any CPU
		{8A055F75-C085-4B74-A899-57CCDF3C7BE4}.Release|Any CPU.Build.0 = Release|Any CPU
		{8CBDB1A0-A0A9-4CB2-AD81-5D605E42B2A1}.Debug|Any CPU.ActiveCfg = Debug|Any CPU
		{8CBDB1A0-A0A9-4CB2-AD81-5D605E42B2A1}.Debug|Any CPU.Build.0 = Debug|Any CPU
		{8CBDB1A0-A0A9-4CB2-AD81-5D605E42B2A1}.Release|Any CPU.ActiveCfg = Release|Any CPU
		{8CBDB1A0-A0A9-4CB2-AD81-5D605E42B2A1}.Release|Any CPU.Build.0 = Release|Any CPU
		{632DFA1F-6FE8-44B6-84A2-161AC449FE6E}.Debug|Any CPU.ActiveCfg = Debug|Any CPU
		{632DFA1F-6FE8-44B6-84A2-161AC449FE6E}.Debug|Any CPU.Build.0 = Debug|Any CPU
		{632DFA1F-6FE8-44B6-84A2-161AC449FE6E}.Release|Any CPU.ActiveCfg = Release|Any CPU
		{632DFA1F-6FE8-44B6-84A2-161AC449FE6E}.Release|Any CPU.Build.0 = Release|Any CPU
	EndGlobalSection
	GlobalSection(SolutionProperties) = preSolution
		HideSolutionNode = FALSE
	EndGlobalSection
	GlobalSection(ExtensibilityGlobals) = postSolution
		SolutionGuid = {F3742BB0-4A85-4F0F-B334-7EBB6AF3C780}
	EndGlobalSection
EndGlobal
